
Microsoft Visual Studio Solution File, Format Version 12.00
# Visual Studio 15
VisualStudioVersion = 15.0.28307.271
MinimumVisualStudioVersion = 10.0.40219.1
Project("{FAE04EC0-301F-11D3-BF4B-00C04F79EFBC}") = "AspNetWithOutIdentity", "AspNetWithOutIdentity\AspNetWithOutIdentity.csproj", "{71BAE3CC-103B-45F9-9F1C-88F8503F8407}"
EndProject
Global
	GlobalSection(SolutionConfigurationPlatforms) = preSolution
		Debug|Any CPU = Debug|Any CPU
		Release|Any CPU = Release|Any CPU
	EndGlobalSection
	GlobalSection(ProjectConfigurationPlatforms) = postSolution
		{71BAE3CC-103B-45F9-9F1C-88F8503F8407}.Debug|Any CPU.ActiveCfg = Debug|Any CPU
		{71BAE3CC-103B-45F9-9F1C-88F8503F8407}.Debug|Any CPU.Build.0 = Debug|Any CPU
		{71BAE3CC-103B-45F9-9F1C-88F8503F8407}.Release|Any CPU.ActiveCfg = Release|Any CPU
		{71BAE3CC-103B-45F9-9F1C-88F8503F8407}.Release|Any CPU.Build.0 = Release|Any CPU
	EndGlobalSection
	GlobalSection(SolutionProperties) = preSolution
		HideSolutionNode = FALSE
	EndGlobalSection
	GlobalSection(ExtensibilityGlobals) = postSolution
		SolutionGuid = {00A7CF79-CB0D-49D6-A692-6919F4E09D0A}
	EndGlobalSection
EndGlobal
