
Microsoft Visual Studio Solution File, Format Version 12.00
# Visual Studio 15
VisualStudioVersion = 15.0.28307.271
MinimumVisualStudioVersion = 10.0.40219.1
Project("{FAE04EC0-301F-11D3-BF4B-00C04F79EFBC}") = "AspNetWithIdentity", "AspNetWithIdentity\AspNetWithIdentity.csproj", "{BE4EB11E-D67B-4642-B11B-F279592DD799}"
EndProject
Global
	GlobalSection(SolutionConfigurationPlatforms) = preSolution
		Debug|Any CPU = Debug|Any CPU
		Release|Any CPU = Release|Any CPU
	EndGlobalSection
	GlobalSection(ProjectConfigurationPlatforms) = postSolution
		{BE4EB11E-D67B-4642-B11B-F279592DD799}.Debug|Any CPU.ActiveCfg = Debug|Any CPU
		{BE4EB11E-D67B-4642-B11B-F279592DD799}.Debug|Any CPU.Build.0 = Debug|Any CPU
		{BE4EB11E-D67B-4642-B11B-F279592DD799}.Release|Any CPU.ActiveCfg = Release|Any CPU
		{BE4EB11E-D67B-4642-B11B-F279592DD799}.Release|Any CPU.Build.0 = Release|Any CPU
	EndGlobalSection
	GlobalSection(SolutionProperties) = preSolution
		HideSolutionNode = FALSE
	EndGlobalSection
	GlobalSection(ExtensibilityGlobals) = postSolution
		SolutionGuid = {67212EC3-C69E-4DBA-8BAD-6E1C01589768}
	EndGlobalSection
EndGlobal
